
Microsoft Visual Studio Solution File, Format Version 12.00
# Visual Studio Version 16
VisualStudioVersion = 16.0.32002.261
MinimumVisualStudioVersion = 10.0.40219.1
Project("{FAE04EC0-301F-11D3-BF4B-00C04F79EFBC}") = "Trainer", "Trainer\Trainer.csproj", "{82CD0840-8301-49F1-B00D-CF74D31397B8}"
EndProject
Project("{FAE04EC0-301F-11D3-BF4B-00C04F79EFBC}") = "Client", "Client\Client.csproj", "{0E903552-3A50-44D8-B680-CA9DFF1FBAD2}"
EndProject
Global
	GlobalSection(SolutionConfigurationPlatforms) = preSolution
		Debug|Any CPU = Debug|Any CPU
		Release|Any CPU = Release|Any CPU
	EndGlobalSection
	GlobalSection(ProjectConfigurationPlatforms) = postSolution
		{82CD0840-8301-49F1-B00D-CF74D31397B8}.Debug|Any CPU.ActiveCfg = Debug|Any CPU
		{82CD0840-8301-49F1-B00D-CF74D31397B8}.Debug|Any CPU.Build.0 = Debug|Any CPU
		{82CD0840-8301-49F1-B00D-CF74D31397B8}.Release|Any CPU.ActiveCfg = Release|Any CPU
		{82CD0840-8301-49F1-B00D-CF74D31397B8}.Release|Any CPU.Build.0 = Release|Any CPU
		{0E903552-3A50-44D8-B680-CA9DFF1FBAD2}.Debug|Any CPU.ActiveCfg = Debug|Any CPU
		{0E903552-3A50-44D8-B680-CA9DFF1FBAD2}.Debug|Any CPU.Build.0 = Debug|Any CPU
		{0E903552-3A50-44D8-B680-CA9DFF1FBAD2}.Release|Any CPU.ActiveCfg = Release|Any CPU
		{0E903552-3A50-44D8-B680-CA9DFF1FBAD2}.Release|Any CPU.Build.0 = Release|Any CPU
	EndGlobalSection
	GlobalSection(SolutionProperties) = preSolution
		HideSolutionNode = FALSE
	EndGlobalSection
	GlobalSection(ExtensibilityGlobals) = postSolution
		SolutionGuid = {498F4E99-E880-4513-9D7C-8F083AA9B707}
	EndGlobalSection
EndGlobal
